// !$*UTF8*$!
{
	archiveVersion = 1;
	classes = {
	};
	objectVersion = 55;
	objects = {

/* Begin PBXBuildFile section */
		B61F36982868317F009B76E1 /* SettingsView.swift in Sources */ = {isa = PBXBuildFile; fileRef = B61F36972868317F009B76E1 /* SettingsView.swift */; };
		B61F369A28683252009B76E1 /* ReadwiseConfigSettingView.swift in Sources */ = {isa = PBXBuildFile; fileRef = B61F369928683252009B76E1 /* ReadwiseConfigSettingView.swift */; };
		B643F5D428683EA300E37479 /* StorageKeys.swift in Sources */ = {isa = PBXBuildFile; fileRef = B643F5D328683EA300E37479 /* StorageKeys.swift */; };
		B643F5D6286840FB00E37479 /* ReadwiseConfigSettingViewVM.swift in Sources */ = {isa = PBXBuildFile; fileRef = B643F5D5286840FB00E37479 /* ReadwiseConfigSettingViewVM.swift */; };
		B6A636B22864880800ED980C /* BooksListModel.swift in Sources */ = {isa = PBXBuildFile; fileRef = B6A636B12864880800ED980C /* BooksListModel.swift */; };
		B6A636B32864880800ED980C /* BooksListModel.swift in Sources */ = {isa = PBXBuildFile; fileRef = B6A636B12864880800ED980C /* BooksListModel.swift */; };
		B6CF9232286464B7009F9E51 /* ReadwiseAPI.swift in Sources */ = {isa = PBXBuildFile; fileRef = B6D7F49A28644726005C3994 /* ReadwiseAPI.swift */; };
		B6CF923828646869009F9E51 /* HighlightListModel.swift in Sources */ = {isa = PBXBuildFile; fileRef = B6CF923728646869009F9E51 /* HighlightListModel.swift */; };
		B6CF923928646869009F9E51 /* HighlightListModel.swift in Sources */ = {isa = PBXBuildFile; fileRef = B6CF923728646869009F9E51 /* HighlightListModel.swift */; };
		B6D7F46128644232005C3994 /* UnofficialReadwiseMenuBarApp.swift in Sources */ = {isa = PBXBuildFile; fileRef = B6D7F46028644232005C3994 /* UnofficialReadwiseMenuBarApp.swift */; };
		B6D7F46328644232005C3994 /* ContentView.swift in Sources */ = {isa = PBXBuildFile; fileRef = B6D7F46228644232005C3994 /* ContentView.swift */; };
		B6D7F46528644233005C3994 /* Assets.xcassets in Resources */ = {isa = PBXBuildFile; fileRef = B6D7F46428644233005C3994 /* Assets.xcassets */; };
		B6D7F46828644233005C3994 /* Preview Assets.xcassets in Resources */ = {isa = PBXBuildFile; fileRef = B6D7F46728644233005C3994 /* Preview Assets.xcassets */; };
		B6D7F46A28644233005C3994 /* Persistence.swift in Sources */ = {isa = PBXBuildFile; fileRef = B6D7F46928644233005C3994 /* Persistence.swift */; };
		B6D7F46D28644233005C3994 /* UnofficialReadwiseMenuBar.xcdatamodeld in Sources */ = {isa = PBXBuildFile; fileRef = B6D7F46B28644233005C3994 /* UnofficialReadwiseMenuBar.xcdatamodeld */; };
		B6D7F47828644233005C3994 /* UnofficialReadwiseMenuBarTests.swift in Sources */ = {isa = PBXBuildFile; fileRef = B6D7F47728644233005C3994 /* UnofficialReadwiseMenuBarTests.swift */; };
		B6D7F48228644233005C3994 /* UnofficialReadwiseMenuBarUITests.swift in Sources */ = {isa = PBXBuildFile; fileRef = B6D7F48128644233005C3994 /* UnofficialReadwiseMenuBarUITests.swift */; };
		B6D7F48428644233005C3994 /* UnofficialReadwiseMenuBarUITestsLaunchTests.swift in Sources */ = {isa = PBXBuildFile; fileRef = B6D7F48328644233005C3994 /* UnofficialReadwiseMenuBarUITestsLaunchTests.swift */; };
		B6D7F491286444BC005C3994 /* MainMenu.swift in Sources */ = {isa = PBXBuildFile; fileRef = B6D7F490286444BC005C3994 /* MainMenu.swift */; };
		B6D7F4942864462E005C3994 /* HighlightView.swift in Sources */ = {isa = PBXBuildFile; fileRef = B6D7F4932864462E005C3994 /* HighlightView.swift */; };
		B6D7F49728644696005C3994 /* HighlightViewVM.swift in Sources */ = {isa = PBXBuildFile; fileRef = B6D7F49628644696005C3994 /* HighlightViewVM.swift */; };
		B6D7F49828644696005C3994 /* HighlightViewVM.swift in Sources */ = {isa = PBXBuildFile; fileRef = B6D7F49628644696005C3994 /* HighlightViewVM.swift */; };
		B6D7F49B28644726005C3994 /* ReadwiseAPI.swift in Sources */ = {isa = PBXBuildFile; fileRef = B6D7F49A28644726005C3994 /* ReadwiseAPI.swift */; };
		B6D7F4A3286451A3005C3994 /* ReadwiseAPI_Tests.swift in Sources */ = {isa = PBXBuildFile; fileRef = B6D7F4A1286451A3005C3994 /* ReadwiseAPI_Tests.swift */; };
/* End PBXBuildFile section */

/* Begin PBXContainerItemProxy section */
		B6D7F47428644233005C3994 /* PBXContainerItemProxy */ = {
			isa = PBXContainerItemProxy;
			containerPortal = B6D7F45528644232005C3994 /* Project object */;
			proxyType = 1;
			remoteGlobalIDString = B6D7F45C28644232005C3994;
			remoteInfo = UnofficialReadwiseMenuBar;
		};
		B6D7F47E28644233005C3994 /* PBXContainerItemProxy */ = {
			isa = PBXContainerItemProxy;
			containerPortal = B6D7F45528644232005C3994 /* Project object */;
			proxyType = 1;
			remoteGlobalIDString = B6D7F45C28644232005C3994;
			remoteInfo = UnofficialReadwiseMenuBar;
		};
/* End PBXContainerItemProxy section */

/* Begin PBXFileReference section */
		B61F36972868317F009B76E1 /* SettingsView.swift */ = {isa = PBXFileReference; lastKnownFileType = sourcecode.swift; path = SettingsView.swift; sourceTree = "<group>"; };
		B61F369928683252009B76E1 /* ReadwiseConfigSettingView.swift */ = {isa = PBXFileReference; lastKnownFileType = sourcecode.swift; path = ReadwiseConfigSettingView.swift; sourceTree = "<group>"; };
		B643F5D328683EA300E37479 /* StorageKeys.swift */ = {isa = PBXFileReference; lastKnownFileType = sourcecode.swift; path = StorageKeys.swift; sourceTree = "<group>"; };
		B643F5D5286840FB00E37479 /* ReadwiseConfigSettingViewVM.swift */ = {isa = PBXFileReference; lastKnownFileType = sourcecode.swift; path = ReadwiseConfigSettingViewVM.swift; sourceTree = "<group>"; };
		B6A636B12864880800ED980C /* BooksListModel.swift */ = {isa = PBXFileReference; lastKnownFileType = sourcecode.swift; path = BooksListModel.swift; sourceTree = "<group>"; };
		B6CF923728646869009F9E51 /* HighlightListModel.swift */ = {isa = PBXFileReference; lastKnownFileType = sourcecode.swift; path = HighlightListModel.swift; sourceTree = "<group>"; };
		B6D7F45D28644232005C3994 /* UnofficialReadwiseMenuBar.app */ = {isa = PBXFileReference; explicitFileType = wrapper.application; includeInIndex = 0; path = UnofficialReadwiseMenuBar.app; sourceTree = BUILT_PRODUCTS_DIR; };
		B6D7F46028644232005C3994 /* UnofficialReadwiseMenuBarApp.swift */ = {isa = PBXFileReference; lastKnownFileType = sourcecode.swift; path = UnofficialReadwiseMenuBarApp.swift; sourceTree = "<group>"; };
		B6D7F46228644232005C3994 /* ContentView.swift */ = {isa = PBXFileReference; lastKnownFileType = sourcecode.swift; path = ContentView.swift; sourceTree = "<group>"; };
		B6D7F46428644233005C3994 /* Assets.xcassets */ = {isa = PBXFileReference; lastKnownFileType = folder.assetcatalog; path = Assets.xcassets; sourceTree = "<group>"; };
		B6D7F46728644233005C3994 /* Preview Assets.xcassets */ = {isa = PBXFileReference; lastKnownFileType = folder.assetcatalog; path = "Preview Assets.xcassets"; sourceTree = "<group>"; };
		B6D7F46928644233005C3994 /* Persistence.swift */ = {isa = PBXFileReference; lastKnownFileType = sourcecode.swift; path = Persistence.swift; sourceTree = "<group>"; };
		B6D7F46C28644233005C3994 /* UnofficialReadwiseMenuBar.xcdatamodel */ = {isa = PBXFileReference; lastKnownFileType = wrapper.xcdatamodel; path = UnofficialReadwiseMenuBar.xcdatamodel; sourceTree = "<group>"; };
		B6D7F46E28644233005C3994 /* UnofficialReadwiseMenuBar.entitlements */ = {isa = PBXFileReference; lastKnownFileType = text.plist.entitlements; path = UnofficialReadwiseMenuBar.entitlements; sourceTree = "<group>"; };
		B6D7F47328644233005C3994 /* UnofficialReadwiseMenuBarTests.xctest */ = {isa = PBXFileReference; explicitFileType = wrapper.cfbundle; includeInIndex = 0; path = UnofficialReadwiseMenuBarTests.xctest; sourceTree = BUILT_PRODUCTS_DIR; };
		B6D7F47728644233005C3994 /* UnofficialReadwiseMenuBarTests.swift */ = {isa = PBXFileReference; lastKnownFileType = sourcecode.swift; path = UnofficialReadwiseMenuBarTests.swift; sourceTree = "<group>"; };
		B6D7F47D28644233005C3994 /* UnofficialReadwiseMenuBarUITests.xctest */ = {isa = PBXFileReference; explicitFileType = wrapper.cfbundle; includeInIndex = 0; path = UnofficialReadwiseMenuBarUITests.xctest; sourceTree = BUILT_PRODUCTS_DIR; };
		B6D7F48128644233005C3994 /* UnofficialReadwiseMenuBarUITests.swift */ = {isa = PBXFileReference; lastKnownFileType = sourcecode.swift; path = UnofficialReadwiseMenuBarUITests.swift; sourceTree = "<group>"; };
		B6D7F48328644233005C3994 /* UnofficialReadwiseMenuBarUITestsLaunchTests.swift */ = {isa = PBXFileReference; lastKnownFileType = sourcecode.swift; path = UnofficialReadwiseMenuBarUITestsLaunchTests.swift; sourceTree = "<group>"; };
		B6D7F490286444BC005C3994 /* MainMenu.swift */ = {isa = PBXFileReference; lastKnownFileType = sourcecode.swift; path = MainMenu.swift; sourceTree = "<group>"; };
		B6D7F4932864462E005C3994 /* HighlightView.swift */ = {isa = PBXFileReference; lastKnownFileType = sourcecode.swift; path = HighlightView.swift; sourceTree = "<group>"; };
		B6D7F49628644696005C3994 /* HighlightViewVM.swift */ = {isa = PBXFileReference; lastKnownFileType = sourcecode.swift; path = HighlightViewVM.swift; sourceTree = "<group>"; };
		B6D7F49A28644726005C3994 /* ReadwiseAPI.swift */ = {isa = PBXFileReference; lastKnownFileType = sourcecode.swift; path = ReadwiseAPI.swift; sourceTree = "<group>"; };
		B6D7F4A1286451A3005C3994 /* ReadwiseAPI_Tests.swift */ = {isa = PBXFileReference; lastKnownFileType = sourcecode.swift; path = ReadwiseAPI_Tests.swift; sourceTree = "<group>"; };
/* End PBXFileReference section */

/* Begin PBXFrameworksBuildPhase section */
		B6D7F45A28644232005C3994 /* Frameworks */ = {
			isa = PBXFrameworksBuildPhase;
			buildActionMask = 2147483647;
			files = (
			);
			runOnlyForDeploymentPostprocessing = 0;
		};
		B6D7F47028644233005C3994 /* Frameworks */ = {
			isa = PBXFrameworksBuildPhase;
			buildActionMask = 2147483647;
			files = (
			);
			runOnlyForDeploymentPostprocessing = 0;
		};
		B6D7F47A28644233005C3994 /* Frameworks */ = {
			isa = PBXFrameworksBuildPhase;
			buildActionMask = 2147483647;
			files = (
			);
			runOnlyForDeploymentPostprocessing = 0;
		};
/* End PBXFrameworksBuildPhase section */

/* Begin PBXGroup section */
		B6CF923628646853009F9E51 /* Models */ = {
			isa = PBXGroup;
			children = (
				B6CF923728646869009F9E51 /* HighlightListModel.swift */,
				B6A636B12864880800ED980C /* BooksListModel.swift */,
				B643F5D328683EA300E37479 /* StorageKeys.swift */,
			);
			path = Models;
			sourceTree = "<group>";
		};
		B6D7F45428644232005C3994 = {
			isa = PBXGroup;
			children = (
				B6D7F45F28644232005C3994 /* UnofficialReadwiseMenuBar */,
				B6D7F47628644233005C3994 /* UnofficialReadwiseMenuBarTests */,
				B6D7F48028644233005C3994 /* UnofficialReadwiseMenuBarUITests */,
				B6D7F45E28644232005C3994 /* Products */,
			);
			sourceTree = "<group>";
		};
		B6D7F45E28644232005C3994 /* Products */ = {
			isa = PBXGroup;
			children = (
				B6D7F45D28644232005C3994 /* UnofficialReadwiseMenuBar.app */,
				B6D7F47328644233005C3994 /* UnofficialReadwiseMenuBarTests.xctest */,
				B6D7F47D28644233005C3994 /* UnofficialReadwiseMenuBarUITests.xctest */,
			);
			name = Products;
			sourceTree = "<group>";
		};
		B6D7F45F28644232005C3994 /* UnofficialReadwiseMenuBar */ = {
			isa = PBXGroup;
			children = (
				B6CF923628646853009F9E51 /* Models */,
				B6D7F49D28644D9B005C3994 /* Extensions */,
				B6D7F49928644701005C3994 /* Service */,
				B6D7F49528644675005C3994 /* ViewModels */,
				B6D7F492286445F9005C3994 /* Views */,
				B6D7F46028644232005C3994 /* UnofficialReadwiseMenuBarApp.swift */,
				B6D7F46228644232005C3994 /* ContentView.swift */,
				B6D7F490286444BC005C3994 /* MainMenu.swift */,
				B6D7F46428644233005C3994 /* Assets.xcassets */,
				B6D7F46928644233005C3994 /* Persistence.swift */,
				B6D7F46E28644233005C3994 /* UnofficialReadwiseMenuBar.entitlements */,
				B6D7F46B28644233005C3994 /* UnofficialReadwiseMenuBar.xcdatamodeld */,
				B6D7F46628644233005C3994 /* Preview Content */,
			);
			path = UnofficialReadwiseMenuBar;
			sourceTree = "<group>";
		};
		B6D7F46628644233005C3994 /* Preview Content */ = {
			isa = PBXGroup;
			children = (
				B6D7F46728644233005C3994 /* Preview Assets.xcassets */,
			);
			path = "Preview Content";
			sourceTree = "<group>";
		};
		B6D7F47628644233005C3994 /* UnofficialReadwiseMenuBarTests */ = {
			isa = PBXGroup;
			children = (
				B6D7F47728644233005C3994 /* UnofficialReadwiseMenuBarTests.swift */,
				B6D7F4A1286451A3005C3994 /* ReadwiseAPI_Tests.swift */,
			);
			path = UnofficialReadwiseMenuBarTests;
			sourceTree = "<group>";
		};
		B6D7F48028644233005C3994 /* UnofficialReadwiseMenuBarUITests */ = {
			isa = PBXGroup;
			children = (
				B6D7F48128644233005C3994 /* UnofficialReadwiseMenuBarUITests.swift */,
				B6D7F48328644233005C3994 /* UnofficialReadwiseMenuBarUITestsLaunchTests.swift */,
			);
			path = UnofficialReadwiseMenuBarUITests;
			sourceTree = "<group>";
		};
		B6D7F492286445F9005C3994 /* Views */ = {
			isa = PBXGroup;
			children = (
				B6D7F4932864462E005C3994 /* HighlightView.swift */,
				B61F36972868317F009B76E1 /* SettingsView.swift */,
				B61F369928683252009B76E1 /* ReadwiseConfigSettingView.swift */,
			);
			path = Views;
			sourceTree = "<group>";
		};
		B6D7F49528644675005C3994 /* ViewModels */ = {
			isa = PBXGroup;
			children = (
				B6D7F49628644696005C3994 /* HighlightViewVM.swift */,
				B643F5D5286840FB00E37479 /* ReadwiseConfigSettingViewVM.swift */,
			);
			path = ViewModels;
			sourceTree = "<group>";
		};
		B6D7F49928644701005C3994 /* Service */ = {
			isa = PBXGroup;
			children = (
				B6D7F49A28644726005C3994 /* ReadwiseAPI.swift */,
			);
			path = Service;
			sourceTree = "<group>";
		};
		B6D7F49D28644D9B005C3994 /* Extensions */ = {
			isa = PBXGroup;
			children = (
			);
			path = Extensions;
			sourceTree = "<group>";
		};
/* End PBXGroup section */

/* Begin PBXNativeTarget section */
		B6D7F45C28644232005C3994 /* UnofficialReadwiseMenuBar */ = {
			isa = PBXNativeTarget;
			buildConfigurationList = B6D7F48728644233005C3994 /* Build configuration list for PBXNativeTarget "UnofficialReadwiseMenuBar" */;
			buildPhases = (
				B6D7F45928644232005C3994 /* Sources */,
				B6D7F45A28644232005C3994 /* Frameworks */,
				B6D7F45B28644232005C3994 /* Resources */,
			);
			buildRules = (
			);
			dependencies = (
			);
			name = UnofficialReadwiseMenuBar;
			productName = UnofficialReadwiseMenuBar;
			productReference = B6D7F45D28644232005C3994 /* UnofficialReadwiseMenuBar.app */;
			productType = "com.apple.product-type.application";
		};
		B6D7F47228644233005C3994 /* UnofficialReadwiseMenuBarTests */ = {
			isa = PBXNativeTarget;
			buildConfigurationList = B6D7F48A28644233005C3994 /* Build configuration list for PBXNativeTarget "UnofficialReadwiseMenuBarTests" */;
			buildPhases = (
				B6D7F46F28644233005C3994 /* Sources */,
				B6D7F47028644233005C3994 /* Frameworks */,
				B6D7F47128644233005C3994 /* Resources */,
			);
			buildRules = (
			);
			dependencies = (
				B6D7F47528644233005C3994 /* PBXTargetDependency */,
			);
			name = UnofficialReadwiseMenuBarTests;
			productName = UnofficialReadwiseMenuBarTests;
			productReference = B6D7F47328644233005C3994 /* UnofficialReadwiseMenuBarTests.xctest */;
			productType = "com.apple.product-type.bundle.unit-test";
		};
		B6D7F47C28644233005C3994 /* UnofficialReadwiseMenuBarUITests */ = {
			isa = PBXNativeTarget;
			buildConfigurationList = B6D7F48D28644233005C3994 /* Build configuration list for PBXNativeTarget "UnofficialReadwiseMenuBarUITests" */;
			buildPhases = (
				B6D7F47928644233005C3994 /* Sources */,
				B6D7F47A28644233005C3994 /* Frameworks */,
				B6D7F47B28644233005C3994 /* Resources */,
			);
			buildRules = (
			);
			dependencies = (
				B6D7F47F28644233005C3994 /* PBXTargetDependency */,
			);
			name = UnofficialReadwiseMenuBarUITests;
			productName = UnofficialReadwiseMenuBarUITests;
			productReference = B6D7F47D28644233005C3994 /* UnofficialReadwiseMenuBarUITests.xctest */;
			productType = "com.apple.product-type.bundle.ui-testing";
		};
/* End PBXNativeTarget section */

/* Begin PBXProject section */
		B6D7F45528644232005C3994 /* Project object */ = {
			isa = PBXProject;
			attributes = {
				BuildIndependentTargetsInParallel = 1;
				LastSwiftUpdateCheck = 1330;
				LastUpgradeCheck = 1330;
				TargetAttributes = {
					B6D7F45C28644232005C3994 = {
						CreatedOnToolsVersion = 13.3.1;
					};
					B6D7F47228644233005C3994 = {
						CreatedOnToolsVersion = 13.3.1;
						TestTargetID = B6D7F45C28644232005C3994;
					};
					B6D7F47C28644233005C3994 = {
						CreatedOnToolsVersion = 13.3.1;
						TestTargetID = B6D7F45C28644232005C3994;
					};
				};
			};
			buildConfigurationList = B6D7F45828644232005C3994 /* Build configuration list for PBXProject "UnofficialReadwiseMenuBar" */;
			compatibilityVersion = "Xcode 13.0";
			developmentRegion = en;
			hasScannedForEncodings = 0;
			knownRegions = (
				en,
				Base,
			);
			mainGroup = B6D7F45428644232005C3994;
			productRefGroup = B6D7F45E28644232005C3994 /* Products */;
			projectDirPath = "";
			projectRoot = "";
			targets = (
				B6D7F45C28644232005C3994 /* UnofficialReadwiseMenuBar */,
				B6D7F47228644233005C3994 /* UnofficialReadwiseMenuBarTests */,
				B6D7F47C28644233005C3994 /* UnofficialReadwiseMenuBarUITests */,
			);
		};
/* End PBXProject section */

/* Begin PBXResourcesBuildPhase section */
		B6D7F45B28644232005C3994 /* Resources */ = {
			isa = PBXResourcesBuildPhase;
			buildActionMask = 2147483647;
			files = (
				B6D7F46828644233005C3994 /* Preview Assets.xcassets in Resources */,
				B6D7F46528644233005C3994 /* Assets.xcassets in Resources */,
			);
			runOnlyForDeploymentPostprocessing = 0;
		};
		B6D7F47128644233005C3994 /* Resources */ = {
			isa = PBXResourcesBuildPhase;
			buildActionMask = 2147483647;
			files = (
			);
			runOnlyForDeploymentPostprocessing = 0;
		};
		B6D7F47B28644233005C3994 /* Resources */ = {
			isa = PBXResourcesBuildPhase;
			buildActionMask = 2147483647;
			files = (
			);
			runOnlyForDeploymentPostprocessing = 0;
		};
/* End PBXResourcesBuildPhase section */

/* Begin PBXSourcesBuildPhase section */
		B6D7F45928644232005C3994 /* Sources */ = {
			isa = PBXSourcesBuildPhase;
			buildActionMask = 2147483647;
			files = (
				B643F5D428683EA300E37479 /* StorageKeys.swift in Sources */,
				B6D7F491286444BC005C3994 /* MainMenu.swift in Sources */,
				B6D7F46D28644233005C3994 /* UnofficialReadwiseMenuBar.xcdatamodeld in Sources */,
				B6A636B22864880800ED980C /* BooksListModel.swift in Sources */,
				B6D7F49B28644726005C3994 /* ReadwiseAPI.swift in Sources */,
				B6D7F46A28644233005C3994 /* Persistence.swift in Sources */,
				B61F369A28683252009B76E1 /* ReadwiseConfigSettingView.swift in Sources */,
				B6D7F49728644696005C3994 /* HighlightViewVM.swift in Sources */,
				B6D7F4942864462E005C3994 /* HighlightView.swift in Sources */,
				B6D7F46328644232005C3994 /* ContentView.swift in Sources */,
				B6D7F46128644232005C3994 /* UnofficialReadwiseMenuBarApp.swift in Sources */,
				B6CF923828646869009F9E51 /* HighlightListModel.swift in Sources */,
				B643F5D6286840FB00E37479 /* ReadwiseConfigSettingViewVM.swift in Sources */,
				B61F36982868317F009B76E1 /* SettingsView.swift in Sources */,
			);
			runOnlyForDeploymentPostprocessing = 0;
		};
		B6D7F46F28644233005C3994 /* Sources */ = {
			isa = PBXSourcesBuildPhase;
			buildActionMask = 2147483647;
			files = (
				B6D7F49828644696005C3994 /* HighlightViewVM.swift in Sources */,
				B6CF923928646869009F9E51 /* HighlightListModel.swift in Sources */,
				B6D7F4A3286451A3005C3994 /* ReadwiseAPI_Tests.swift in Sources */,
				B6CF9232286464B7009F9E51 /* ReadwiseAPI.swift in Sources */,
				B6A636B32864880800ED980C /* BooksListModel.swift in Sources */,
				B6D7F47828644233005C3994 /* UnofficialReadwiseMenuBarTests.swift in Sources */,
			);
			runOnlyForDeploymentPostprocessing = 0;
		};
		B6D7F47928644233005C3994 /* Sources */ = {
			isa = PBXSourcesBuildPhase;
			buildActionMask = 2147483647;
			files = (
				B6D7F48228644233005C3994 /* UnofficialReadwiseMenuBarUITests.swift in Sources */,
				B6D7F48428644233005C3994 /* UnofficialReadwiseMenuBarUITestsLaunchTests.swift in Sources */,
			);
			runOnlyForDeploymentPostprocessing = 0;
		};
/* End PBXSourcesBuildPhase section */

/* Begin PBXTargetDependency section */
		B6D7F47528644233005C3994 /* PBXTargetDependency */ = {
			isa = PBXTargetDependency;
			target = B6D7F45C28644232005C3994 /* UnofficialReadwiseMenuBar */;
			targetProxy = B6D7F47428644233005C3994 /* PBXContainerItemProxy */;
		};
		B6D7F47F28644233005C3994 /* PBXTargetDependency */ = {
			isa = PBXTargetDependency;
			target = B6D7F45C28644232005C3994 /* UnofficialReadwiseMenuBar */;
			targetProxy = B6D7F47E28644233005C3994 /* PBXContainerItemProxy */;
		};
/* End PBXTargetDependency section */

/* Begin XCBuildConfiguration section */
		B6D7F48528644233005C3994 /* Debug */ = {
			isa = XCBuildConfiguration;
			buildSettings = {
				ALWAYS_SEARCH_USER_PATHS = NO;
				CLANG_ANALYZER_NONNULL = YES;
				CLANG_ANALYZER_NUMBER_OBJECT_CONVERSION = YES_AGGRESSIVE;
				CLANG_CXX_LANGUAGE_STANDARD = "gnu++17";
				CLANG_ENABLE_MODULES = YES;
				CLANG_ENABLE_OBJC_ARC = YES;
				CLANG_ENABLE_OBJC_WEAK = YES;
				CLANG_WARN_BLOCK_CAPTURE_AUTORELEASING = YES;
				CLANG_WARN_BOOL_CONVERSION = YES;
				CLANG_WARN_COMMA = YES;
				CLANG_WARN_CONSTANT_CONVERSION = YES;
				CLANG_WARN_DEPRECATED_OBJC_IMPLEMENTATIONS = YES;
				CLANG_WARN_DIRECT_OBJC_ISA_USAGE = YES_ERROR;
				CLANG_WARN_DOCUMENTATION_COMMENTS = YES;
				CLANG_WARN_EMPTY_BODY = YES;
				CLANG_WARN_ENUM_CONVERSION = YES;
				CLANG_WARN_INFINITE_RECURSION = YES;
				CLANG_WARN_INT_CONVERSION = YES;
				CLANG_WARN_NON_LITERAL_NULL_CONVERSION = YES;
				CLANG_WARN_OBJC_IMPLICIT_RETAIN_SELF = YES;
				CLANG_WARN_OBJC_LITERAL_CONVERSION = YES;
				CLANG_WARN_OBJC_ROOT_CLASS = YES_ERROR;
				CLANG_WARN_QUOTED_INCLUDE_IN_FRAMEWORK_HEADER = YES;
				CLANG_WARN_RANGE_LOOP_ANALYSIS = YES;
				CLANG_WARN_STRICT_PROTOTYPES = YES;
				CLANG_WARN_SUSPICIOUS_MOVE = YES;
				CLANG_WARN_UNGUARDED_AVAILABILITY = YES_AGGRESSIVE;
				CLANG_WARN_UNREACHABLE_CODE = YES;
				CLANG_WARN__DUPLICATE_METHOD_MATCH = YES;
				COPY_PHASE_STRIP = NO;
				DEBUG_INFORMATION_FORMAT = dwarf;
				ENABLE_STRICT_OBJC_MSGSEND = YES;
				ENABLE_TESTABILITY = YES;
				GCC_C_LANGUAGE_STANDARD = gnu11;
				GCC_DYNAMIC_NO_PIC = NO;
				GCC_NO_COMMON_BLOCKS = YES;
				GCC_OPTIMIZATION_LEVEL = 0;
				GCC_PREPROCESSOR_DEFINITIONS = (
					"DEBUG=1",
					"$(inherited)",
				);
				GCC_WARN_64_TO_32_BIT_CONVERSION = YES;
				GCC_WARN_ABOUT_RETURN_TYPE = YES_ERROR;
				GCC_WARN_UNDECLARED_SELECTOR = YES;
				GCC_WARN_UNINITIALIZED_AUTOS = YES_AGGRESSIVE;
				GCC_WARN_UNUSED_FUNCTION = YES;
				GCC_WARN_UNUSED_VARIABLE = YES;
				MACOSX_DEPLOYMENT_TARGET = 12.3;
				MTL_ENABLE_DEBUG_INFO = INCLUDE_SOURCE;
				MTL_FAST_MATH = YES;
				ONLY_ACTIVE_ARCH = YES;
				SDKROOT = macosx;
				SWIFT_ACTIVE_COMPILATION_CONDITIONS = DEBUG;
				SWIFT_OPTIMIZATION_LEVEL = "-Onone";
			};
			name = Debug;
		};
		B6D7F48628644233005C3994 /* Release */ = {
			isa = XCBuildConfiguration;
			buildSettings = {
				ALWAYS_SEARCH_USER_PATHS = NO;
				CLANG_ANALYZER_NONNULL = YES;
				CLANG_ANALYZER_NUMBER_OBJECT_CONVERSION = YES_AGGRESSIVE;
				CLANG_CXX_LANGUAGE_STANDARD = "gnu++17";
				CLANG_ENABLE_MODULES = YES;
				CLANG_ENABLE_OBJC_ARC = YES;
				CLANG_ENABLE_OBJC_WEAK = YES;
				CLANG_WARN_BLOCK_CAPTURE_AUTORELEASING = YES;
				CLANG_WARN_BOOL_CONVERSION = YES;
				CLANG_WARN_COMMA = YES;
				CLANG_WARN_CONSTANT_CONVERSION = YES;
				CLANG_WARN_DEPRECATED_OBJC_IMPLEMENTATIONS = YES;
				CLANG_WARN_DIRECT_OBJC_ISA_USAGE = YES_ERROR;
				CLANG_WARN_DOCUMENTATION_COMMENTS = YES;
				CLANG_WARN_EMPTY_BODY = YES;
				CLANG_WARN_ENUM_CONVERSION = YES;
				CLANG_WARN_INFINITE_RECURSION = YES;
				CLANG_WARN_INT_CONVERSION = YES;
				CLANG_WARN_NON_LITERAL_NULL_CONVERSION = YES;
				CLANG_WARN_OBJC_IMPLICIT_RETAIN_SELF = YES;
				CLANG_WARN_OBJC_LITERAL_CONVERSION = YES;
				CLANG_WARN_OBJC_ROOT_CLASS = YES_ERROR;
				CLANG_WARN_QUOTED_INCLUDE_IN_FRAMEWORK_HEADER = YES;
				CLANG_WARN_RANGE_LOOP_ANALYSIS = YES;
				CLANG_WARN_STRICT_PROTOTYPES = YES;
				CLANG_WARN_SUSPICIOUS_MOVE = YES;
				CLANG_WARN_UNGUARDED_AVAILABILITY = YES_AGGRESSIVE;
				CLANG_WARN_UNREACHABLE_CODE = YES;
				CLANG_WARN__DUPLICATE_METHOD_MATCH = YES;
				COPY_PHASE_STRIP = NO;
				DEBUG_INFORMATION_FORMAT = "dwarf-with-dsym";
				ENABLE_NS_ASSERTIONS = NO;
				ENABLE_STRICT_OBJC_MSGSEND = YES;
				GCC_C_LANGUAGE_STANDARD = gnu11;
				GCC_NO_COMMON_BLOCKS = YES;
				GCC_WARN_64_TO_32_BIT_CONVERSION = YES;
				GCC_WARN_ABOUT_RETURN_TYPE = YES_ERROR;
				GCC_WARN_UNDECLARED_SELECTOR = YES;
				GCC_WARN_UNINITIALIZED_AUTOS = YES_AGGRESSIVE;
				GCC_WARN_UNUSED_FUNCTION = YES;
				GCC_WARN_UNUSED_VARIABLE = YES;
				MACOSX_DEPLOYMENT_TARGET = 12.3;
				MTL_ENABLE_DEBUG_INFO = NO;
				MTL_FAST_MATH = YES;
				SDKROOT = macosx;
				SWIFT_COMPILATION_MODE = wholemodule;
				SWIFT_OPTIMIZATION_LEVEL = "-O";
			};
			name = Release;
		};
		B6D7F48828644233005C3994 /* Debug */ = {
			isa = XCBuildConfiguration;
			buildSettings = {
				ASSETCATALOG_COMPILER_APPICON_NAME = AppIcon;
				ASSETCATALOG_COMPILER_GLOBAL_ACCENT_COLOR_NAME = AccentColor;
				CODE_SIGN_ENTITLEMENTS = UnofficialReadwiseMenuBar/UnofficialReadwiseMenuBar.entitlements;
				CODE_SIGN_STYLE = Automatic;
				COMBINE_HIDPI_IMAGES = YES;
				CURRENT_PROJECT_VERSION = 1;
				DEVELOPMENT_ASSET_PATHS = "\"UnofficialReadwiseMenuBar/Preview Content\"";
				ENABLE_PREVIEWS = YES;
				GENERATE_INFOPLIST_FILE = YES;
				INFOPLIST_KEY_NSHumanReadableCopyright = "";
				LD_RUNPATH_SEARCH_PATHS = (
					"$(inherited)",
					"@executable_path/../Frameworks",
				);
				MARKETING_VERSION = 1.0;
				PRODUCT_BUNDLE_IDENTIFIER = com.twizzyindy.UnofficialReadwiseMenuBar;
				PRODUCT_NAME = "$(TARGET_NAME)";
				SWIFT_EMIT_LOC_STRINGS = YES;
				SWIFT_VERSION = 5.0;
			};
			name = Debug;
		};
		B6D7F48928644233005C3994 /* Release */ = {
			isa = XCBuildConfiguration;
			buildSettings = {
				ASSETCATALOG_COMPILER_APPICON_NAME = AppIcon;
				ASSETCATALOG_COMPILER_GLOBAL_ACCENT_COLOR_NAME = AccentColor;
				CODE_SIGN_ENTITLEMENTS = UnofficialReadwiseMenuBar/UnofficialReadwiseMenuBar.entitlements;
				CODE_SIGN_STYLE = Automatic;
				COMBINE_HIDPI_IMAGES = YES;
				CURRENT_PROJECT_VERSION = 1;
				DEVELOPMENT_ASSET_PATHS = "\"UnofficialReadwiseMenuBar/Preview Content\"";
				ENABLE_PREVIEWS = YES;
				GENERATE_INFOPLIST_FILE = YES;
				INFOPLIST_KEY_NSHumanReadableCopyright = "";
				LD_RUNPATH_SEARCH_PATHS = (
					"$(inherited)",
					"@executable_path/../Frameworks",
				);
				MARKETING_VERSION = 1.0;
				PRODUCT_BUNDLE_IDENTIFIER = com.twizzyindy.UnofficialReadwiseMenuBar;
				PRODUCT_NAME = "$(TARGET_NAME)";
				SWIFT_EMIT_LOC_STRINGS = YES;
				SWIFT_VERSION = 5.0;
			};
			name = Release;
		};
		B6D7F48B28644233005C3994 /* Debug */ = {
			isa = XCBuildConfiguration;
			buildSettings = {
				ALWAYS_EMBED_SWIFT_STANDARD_LIBRARIES = YES;
				BUNDLE_LOADER = "$(TEST_HOST)";
				CODE_SIGN_STYLE = Automatic;
				CURRENT_PROJECT_VERSION = 1;
				GENERATE_INFOPLIST_FILE = YES;
				MACOSX_DEPLOYMENT_TARGET = 12.3;
				MARKETING_VERSION = 1.0;
				PRODUCT_BUNDLE_IDENTIFIER = com.twizzyindy.UnofficialReadwiseMenuBarTests;
				PRODUCT_NAME = "$(TARGET_NAME)";
				SWIFT_EMIT_LOC_STRINGS = NO;
				SWIFT_VERSION = 5.0;
				TEST_HOST = "$(BUILT_PRODUCTS_DIR)/UnofficialReadwiseMenuBar.app/Contents/MacOS/UnofficialReadwiseMenuBar";
			};
			name = Debug;
		};
		B6D7F48C28644233005C3994 /* Release */ = {
			isa = XCBuildConfiguration;
			buildSettings = {
				ALWAYS_EMBED_SWIFT_STANDARD_LIBRARIES = YES;
				BUNDLE_LOADER = "$(TEST_HOST)";
				CODE_SIGN_STYLE = Automatic;
				CURRENT_PROJECT_VERSION = 1;
				GENERATE_INFOPLIST_FILE = YES;
				MACOSX_DEPLOYMENT_TARGET = 12.3;
				MARKETING_VERSION = 1.0;
				PRODUCT_BUNDLE_IDENTIFIER = com.twizzyindy.UnofficialReadwiseMenuBarTests;
				PRODUCT_NAME = "$(TARGET_NAME)";
				SWIFT_EMIT_LOC_STRINGS = NO;
				SWIFT_VERSION = 5.0;
				TEST_HOST = "$(BUILT_PRODUCTS_DIR)/UnofficialReadwiseMenuBar.app/Contents/MacOS/UnofficialReadwiseMenuBar";
			};
			name = Release;
		};
		B6D7F48E28644233005C3994 /* Debug */ = {
			isa = XCBuildConfiguration;
			buildSettings = {
				ALWAYS_EMBED_SWIFT_STANDARD_LIBRARIES = YES;
				CODE_SIGN_STYLE = Automatic;
				CURRENT_PROJECT_VERSION = 1;
				GENERATE_INFOPLIST_FILE = YES;
				MARKETING_VERSION = 1.0;
				PRODUCT_BUNDLE_IDENTIFIER = com.twizzyindy.UnofficialReadwiseMenuBarUITests;
				PRODUCT_NAME = "$(TARGET_NAME)";
				SWIFT_EMIT_LOC_STRINGS = NO;
				SWIFT_VERSION = 5.0;
				TEST_TARGET_NAME = UnofficialReadwiseMenuBar;
			};
			name = Debug;
		};
		B6D7F48F28644233005C3994 /* Release */ = {
			isa = XCBuildConfiguration;
			buildSettings = {
				ALWAYS_EMBED_SWIFT_STANDARD_LIBRARIES = YES;
				CODE_SIGN_STYLE = Automatic;
				CURRENT_PROJECT_VERSION = 1;
				GENERATE_INFOPLIST_FILE = YES;
				MARKETING_VERSION = 1.0;
				PRODUCT_BUNDLE_IDENTIFIER = com.twizzyindy.UnofficialReadwiseMenuBarUITests;
				PRODUCT_NAME = "$(TARGET_NAME)";
				SWIFT_EMIT_LOC_STRINGS = NO;
				SWIFT_VERSION = 5.0;
				TEST_TARGET_NAME = UnofficialReadwiseMenuBar;
			};
			name = Release;
		};
/* End XCBuildConfiguration section */

/* Begin XCConfigurationList section */
		B6D7F45828644232005C3994 /* Build configuration list for PBXProject "UnofficialReadwiseMenuBar" */ = {
			isa = XCConfigurationList;
			buildConfigurations = (
				B6D7F48528644233005C3994 /* Debug */,
				B6D7F48628644233005C3994 /* Release */,
			);
			defaultConfigurationIsVisible = 0;
			defaultConfigurationName = Release;
		};
		B6D7F48728644233005C3994 /* Build configuration list for PBXNativeTarget "UnofficialReadwiseMenuBar" */ = {
			isa = XCConfigurationList;
			buildConfigurations = (
				B6D7F48828644233005C3994 /* Debug */,
				B6D7F48928644233005C3994 /* Release */,
			);
			defaultConfigurationIsVisible = 0;
			defaultConfigurationName = Release;
		};
		B6D7F48A28644233005C3994 /* Build configuration list for PBXNativeTarget "UnofficialReadwiseMenuBarTests" */ = {
			isa = XCConfigurationList;
			buildConfigurations = (
				B6D7F48B28644233005C3994 /* Debug */,
				B6D7F48C28644233005C3994 /* Release */,
			);
			defaultConfigurationIsVisible = 0;
			defaultConfigurationName = Release;
		};
		B6D7F48D28644233005C3994 /* Build configuration list for PBXNativeTarget "UnofficialReadwiseMenuBarUITests" */ = {
			isa = XCConfigurationList;
			buildConfigurations = (
				B6D7F48E28644233005C3994 /* Debug */,
				B6D7F48F28644233005C3994 /* Release */,
			);
			defaultConfigurationIsVisible = 0;
			defaultConfigurationName = Release;
		};
/* End XCConfigurationList section */

/* Begin XCVersionGroup section */
		B6D7F46B28644233005C3994 /* UnofficialReadwiseMenuBar.xcdatamodeld */ = {
			isa = XCVersionGroup;
			children = (
				B6D7F46C28644233005C3994 /* UnofficialReadwiseMenuBar.xcdatamodel */,
			);
			currentVersion = B6D7F46C28644233005C3994 /* UnofficialReadwiseMenuBar.xcdatamodel */;
			path = UnofficialReadwiseMenuBar.xcdatamodeld;
			sourceTree = "<group>";
			versionGroupType = wrapper.xcdatamodel;
		};
/* End XCVersionGroup section */
	};
	rootObject = B6D7F45528644232005C3994 /* Project object */;
}
